
Microsoft Visual Studio Solution File, Format Version 12.00
# Visual Studio Version 17
VisualStudioVersion = 17.0.31903.59
MinimumVisualStudioVersion = 10.0.40219.1
Project("{2150E333-8FDC-42A3-9474-1A3956D46DE8}") = "src", "src", "{A89AA7F1-86B5-41B9-9C46-AEB2DF60A3E4}"
EndProject
Project("{9A19103F-16F7-4668-BE54-9A1E7A4F7556}") = "IdentityServer", "src\IdentityServer\IdentityServer.csproj", "{865C4339-F7F2-422C-9200-E57812EDEE5A}"
EndProject
Project("{9A19103F-16F7-4668-BE54-9A1E7A4F7556}") = "Api", "src\Api\Api.csproj", "{F574C2C3-1426-4515-85A6-11EC5CB93FD0}"
EndProject
Global
	GlobalSection(SolutionConfigurationPlatforms) = preSolution
		Debug|Any CPU = Debug|Any CPU
		Release|Any CPU = Release|Any CPU
	EndGlobalSection
	GlobalSection(ProjectConfigurationPlatforms) = postSolution
		{865C4339-F7F2-422C-9200-E57812EDEE5A}.Debug|Any CPU.ActiveCfg = Debug|Any CPU
		{865C4339-F7F2-422C-9200-E57812EDEE5A}.Debug|Any CPU.Build.0 = Debug|Any CPU
		{865C4339-F7F2-422C-9200-E57812EDEE5A}.Release|Any CPU.ActiveCfg = Release|Any CPU
		{865C4339-F7F2-422C-9200-E57812EDEE5A}.Release|Any CPU.Build.0 = Release|Any CPU
		{F574C2C3-1426-4515-85A6-11EC5CB93FD0}.Debug|Any CPU.ActiveCfg = Debug|Any CPU
		{F574C2C3-1426-4515-85A6-11EC5CB93FD0}.Debug|Any CPU.Build.0 = Debug|Any CPU
		{F574C2C3-1426-4515-85A6-11EC5CB93FD0}.Release|Any CPU.ActiveCfg = Release|Any CPU
		{F574C2C3-1426-4515-85A6-11EC5CB93FD0}.Release|Any CPU.Build.0 = Release|Any CPU
	EndGlobalSection
	GlobalSection(SolutionProperties) = preSolution
		HideSolutionNode = FALSE
	EndGlobalSection
	GlobalSection(NestedProjects) = preSolution
		{865C4339-F7F2-422C-9200-E57812EDEE5A} = {A89AA7F1-86B5-41B9-9C46-AEB2DF60A3E4}
		{F574C2C3-1426-4515-85A6-11EC5CB93FD0} = {A89AA7F1-86B5-41B9-9C46-AEB2DF60A3E4}
	EndGlobalSection
	GlobalSection(ExtensibilityGlobals) = postSolution
		SolutionGuid = {191A8593-D849-4DC0-AB9A-7F0C26A13998}
	EndGlobalSection
EndGlobal
